<?xml version="1.0" encoding="utf-8"?>
<Project ToolsVersion="4.0" xmlns="http://schemas.microsoft.com/developer/msbuild/2003">
  <ItemGroup>
    <Filter Include="Source Files">
      <UniqueIdentifier>{4FC737F1-C7A5-4376-A066-2A32D752A2FF}</UniqueIdentifier>
      <Extensions>cpp;c;cc;cxx;def;odl;idl;hpj;bat;asm;asmx</Extensions>
    </Filter>
    <Filter Include="Header Files">
      <UniqueIdentifier>{93995380-89BD-4b04-88EB-625FBE52EBFB}</UniqueIdentifier>
      <Extensions>h;hh;hpp;hxx;hm;inl;inc;xsd</Extensions>
    </Filter>
    <Filter Include="Resource Files">
      <UniqueIdentifier>{67DA6AB6-F800-4c08-8B7A-83BB121AAD01}</UniqueIdentifier>
      <Extensions>rc;ico;cur;bmp;dlg;rc2;rct;bin;rgs;gif;jpg;jpeg;jpe;resx;tiff;tif;png;wav;mfcribbon-ms</Extensions>
    </Filter>
    <Filter Include="Translations">
      <UniqueIdentifier>{0d13a519-531f-4430-8952-2f325df5ced5}</UniqueIdentifier>
      <Extensions>po</Extensions>
    </Filter>
  </ItemGroup>
  <ItemGroup>
    <ClInclude Include="SLAP.h">
      <Filter>Header Files</Filter>
    </ClInclude>
    <ClInclude Include="SLAPDlg.h">
      <Filter>Header Files</Filter>
    </ClInclude>
    <ClInclude Include="stdafx.h">
      <Filter>Header Files</Filter>
    </ClInclude>
    <ClInclude Include="targetver.h">
      <Filter>Header Files</Filter>
    </ClInclude>
    <ClInclude Include="Resource.h">
      <Filter>Header Files</Filter>
    </ClInclude>
    <ClInclude Include="OptionsDlg.h">
      <Filter>Header Files</Filter>
    </ClInclude>
    <ClInclude Include="TrayIcon.h">
      <Filter>Header Files</Filter>
    </ClInclude>
    <ClInclude Include="CtrlsResize.h">
      <Filter>Header Files</Filter>
    </ClInclude>
    <ClInclude Include="UsersBox.h">
      <Filter>Header Files</Filter>
    </ClInclude>
    <ClInclude Include="AvatarDlg.h">
      <Filter>Header Files</Filter>
    </ClInclude>
    <ClInclude Include="NotifyDlg.h">
      <Filter>Header Files</Filter>
    </ClInclude>
    <ClInclude Include="IconEdit.h">
      <Filter>Header Files</Filter>
    </ClInclude>
    <ClInclude Include="Avatar.h">
      <Filter>Header Files</Filter>
    </ClInclude>
    <ClInclude Include="Timeline.h">
      <Filter>Header Files</Filter>
    </ClInclude>
  </ItemGroup>
  <ItemGroup>
    <ClCompile Include="SLAP.cpp">
      <Filter>Source Files</Filter>
    </ClCompile>
    <ClCompile Include="SLAPDlg.cpp">
      <Filter>Source Files</Filter>
    </ClCompile>
    <ClCompile Include="stdafx.cpp">
      <Filter>Source Files</Filter>
    </ClCompile>
    <ClCompile Include="OptionsDlg.cpp">
      <Filter>Source Files</Filter>
    </ClCompile>
    <ClCompile Include="TrayIcon.cpp">
      <Filter>Source Files</Filter>
    </ClCompile>
    <ClCompile Include="CtrlsResize.cpp">
      <Filter>Source Files</Filter>
    </ClCompile>
    <ClCompile Include="UsersBox.cpp">
      <Filter>Source Files</Filter>
    </ClCompile>
    <ClCompile Include="SLAPNet.cpp">
      <Filter>Source Files</Filter>
    </ClCompile>
    <ClCompile Include="AvatarDlg.cpp">
      <Filter>Source Files</Filter>
    </ClCompile>
    <ClCompile Include="NotifyDlg.cpp">
      <Filter>Source Files</Filter>
    </ClCompile>
    <ClCompile Include="IconEdit.cpp">
      <Filter>Source Files</Filter>
    </ClCompile>
    <ClCompile Include="Avatar.cpp">
      <Filter>Source Files</Filter>
    </ClCompile>
    <ClCompile Include="Timeline.cpp">
      <Filter>Source Files</Filter>
    </ClCompile>
  </ItemGroup>
  <ItemGroup>
    <ResourceCompile Include="SLAP.rc">
      <Filter>Resource Files</Filter>
    </ResourceCompile>
  </ItemGroup>
  <ItemGroup>
    <None Include="res\SLAP.rc2">
      <Filter>Resource Files</Filter>
    </None>
    <None Include="..\README.md" />
    <None Include="..\LICENSE" />
    <None Include="res\SLAP.exe.19.p_">
      <Filter>Resource Files</Filter>
    </None>
    <None Include="packages.config" />
  </ItemGroup>
  <ItemGroup>
    <Image Include="res\SLAP.ico">
      <Filter>Resource Files</Filter>
    </Image>
    <Image Include="res\User.ico">
      <Filter>Resource Files</Filter>
    </Image>
    <Image Include="res\Options.ico">
      <Filter>Resource Files</Filter>
    </Image>
    <Image Include="res\Refresh.ico">
      <Filter>Resource Files</Filter>
    </Image>
    <Image Include="res\Play.ico">
      <Filter>Resource Files</Filter>
    </Image>
    <Image Include="res\Sound.ico">
      <Filter>Resource Files</Filter>
    </Image>
    <Image Include="res\Alert.ico">
      <Filter>Resource Files</Filter>
    </Image>
    <Image Include="res\NoSound.ico">
      <Filter>Resource Files</Filter>
    </Image>
    <Image Include="res\AvatarOptions.ico">
      <Filter>Resource Files</Filter>
    </Image>
    <Image Include="res\Copy.ico">
      <Filter>Resource Files</Filter>
    </Image>
    <Image Include="res\Teleport.ico">
      <Filter>Resource Files</Filter>
    </Image>
    <Image Include="res\Web.ico">
      <Filter>Resource Files</Filter>
    </Image>
    <Image Include="res\filter.ico">
      <Filter>Resource Files</Filter>
    </Image>
  </ItemGroup>
  <ItemGroup>
    <CustomBuild Include="res\SLAP.exe.19.po">
      <Filter>Translations</Filter>
    </CustomBuild>
  </ItemGroup>
</Project>